
Microsoft Visual Studio Solution File, Format Version 12.00
# Visual Studio Version 16
VisualStudioVersion = 25.0.1706.6
MinimumVisualStudioVersion = 10.0.40219.1
Project("{FAE04EC0-301F-11D3-BF4B-00C04F79EFBC}") = "BoardGameCampaign.Service", "BoardGameCampaign.Service\BoardGameCampaign.Service.csproj", "{3F36AFC9-1FA5-4E03-BACB-C8132511FA88}"
EndProject
Project("{FAE04EC0-301F-11D3-BF4B-00C04F79EFBC}") = "BoardGameCampaign.DataAccess", "BoardGameCampaign.DataAccess\BoardGameCampaign.DataAccess.csproj", "{77FFD84D-5032-486C-9EB9-952B02922E91}"
EndProject
Project("{FAE04EC0-301F-11D3-BF4B-00C04F79EFBC}") = "BoardGameCampaign.BL", "BoardGameCampaign.BL\BoardGameCampaign.BL.csproj", "{4E5AB9A4-936C-43C7-8D35-F94E97CC33BB}"
EndProject
Project("{FAE04EC0-301F-11D3-BF4B-00C04F79EFBC}") = "BoardGameCampaign.UnitTests", "BoardGameCampaign.UnitTest\BoardGameCampaign.UnitTests.csproj", "{4B563F32-90C3-4734-82EA-F56A3115A5A8}"
EndProject
Global
	GlobalSection(SolutionConfigurationPlatforms) = preSolution
		Debug|Any CPU = Debug|Any CPU
		Release|Any CPU = Release|Any CPU
	EndGlobalSection
	GlobalSection(ProjectConfigurationPlatforms) = postSolution
		{3F36AFC9-1FA5-4E03-BACB-C8132511FA88}.Debug|Any CPU.ActiveCfg = Debug|Any CPU
		{3F36AFC9-1FA5-4E03-BACB-C8132511FA88}.Debug|Any CPU.Build.0 = Debug|Any CPU
		{3F36AFC9-1FA5-4E03-BACB-C8132511FA88}.Release|Any CPU.ActiveCfg = Release|Any CPU
		{3F36AFC9-1FA5-4E03-BACB-C8132511FA88}.Release|Any CPU.Build.0 = Release|Any CPU
		{77FFD84D-5032-486C-9EB9-952B02922E91}.Debug|Any CPU.ActiveCfg = Debug|Any CPU
		{77FFD84D-5032-486C-9EB9-952B02922E91}.Debug|Any CPU.Build.0 = Debug|Any CPU
		{77FFD84D-5032-486C-9EB9-952B02922E91}.Release|Any CPU.ActiveCfg = Release|Any CPU
		{77FFD84D-5032-486C-9EB9-952B02922E91}.Release|Any CPU.Build.0 = Release|Any CPU
		{4E5AB9A4-936C-43C7-8D35-F94E97CC33BB}.Debug|Any CPU.ActiveCfg = Debug|Any CPU
		{4E5AB9A4-936C-43C7-8D35-F94E97CC33BB}.Debug|Any CPU.Build.0 = Debug|Any CPU
		{4E5AB9A4-936C-43C7-8D35-F94E97CC33BB}.Release|Any CPU.ActiveCfg = Release|Any CPU
		{4E5AB9A4-936C-43C7-8D35-F94E97CC33BB}.Release|Any CPU.Build.0 = Release|Any CPU
		{4B563F32-90C3-4734-82EA-F56A3115A5A8}.Debug|Any CPU.ActiveCfg = Debug|Any CPU
		{4B563F32-90C3-4734-82EA-F56A3115A5A8}.Debug|Any CPU.Build.0 = Debug|Any CPU
		{4B563F32-90C3-4734-82EA-F56A3115A5A8}.Release|Any CPU.ActiveCfg = Release|Any CPU
		{4B563F32-90C3-4734-82EA-F56A3115A5A8}.Release|Any CPU.Build.0 = Release|Any CPU
	EndGlobalSection
	GlobalSection(SolutionProperties) = preSolution
		HideSolutionNode = FALSE
	EndGlobalSection
	GlobalSection(ExtensibilityGlobals) = postSolution
		SolutionGuid = {A6874559-7F85-4EF6-A077-2A257B7967FF}
	EndGlobalSection
EndGlobal
